
Microsoft Visual Studio Solution File, Format Version 12.00
# Visual Studio 15
Project("{FAE04EC0-301F-11D3-BF4B-00C04F79EFBC}") = "Aplikacja1", "Aplikacja1\Aplikacja1.csproj", "{4EC57F59-DA3D-4919-80CD-4EB3EA599054}"
EndProject
Global
	GlobalSection(SolutionConfigurationPlatforms) = preSolution
		Debug|anycpu = Debug|anycpu
		Release|anycpu = Release|anycpu
	EndGlobalSection
	GlobalSection(ProjectConfigurationPlatforms) = postSolution
		{4EC57F59-DA3D-4919-80CD-4EB3EA599054}.Debug|anycpu.ActiveCfg = Debug|anycpu
		{4EC57F59-DA3D-4919-80CD-4EB3EA599054}.Debug|anycpu.Build.0 = Debug|anycpu
		{4EC57F59-DA3D-4919-80CD-4EB3EA599054}.Release|anycpu.ActiveCfg = Release|anycpu
		{4EC57F59-DA3D-4919-80CD-4EB3EA599054}.Release|anycpu.Build.0 = Release|anycpu
	EndGlobalSection
EndGlobal
