
Microsoft Visual Studio Solution File, Format Version 12.00
# Visual Studio 15
Project("{FAE04EC0-301F-11D3-BF4B-00C04F79EFBC}") = "Lab11", "Lab11\Lab11.csproj", "{8739468A-B383-44E4-B6BC-FABA10407A48}"
EndProject
Global
	GlobalSection(SolutionConfigurationPlatforms) = preSolution
		Debug|anycpu = Debug|anycpu
		Release|anycpu = Release|anycpu
	EndGlobalSection
	GlobalSection(ProjectConfigurationPlatforms) = postSolution
		{8739468A-B383-44E4-B6BC-FABA10407A48}.Debug|anycpu.ActiveCfg = Debug|anycpu
		{8739468A-B383-44E4-B6BC-FABA10407A48}.Debug|anycpu.Build.0 = Debug|anycpu
		{8739468A-B383-44E4-B6BC-FABA10407A48}.Release|anycpu.ActiveCfg = Release|anycpu
		{8739468A-B383-44E4-B6BC-FABA10407A48}.Release|anycpu.Build.0 = Release|anycpu
	EndGlobalSection
EndGlobal
