
Microsoft Visual Studio Solution File, Format Version 12.00
# Visual Studio 15
Project("{FAE04EC0-301F-11D3-BF4B-00C04F79EFBC}") = "Lab4", "Lab4\Lab4.csproj", "{C2BE923D-8348-48C0-9710-EC2F3B0F00BA}"
EndProject
Global
	GlobalSection(SolutionConfigurationPlatforms) = preSolution
		Debug|anycpu = Debug|anycpu
		Release|anycpu = Release|anycpu
	EndGlobalSection
	GlobalSection(ProjectConfigurationPlatforms) = postSolution
		{C2BE923D-8348-48C0-9710-EC2F3B0F00BA}.Debug|anycpu.ActiveCfg = Debug|anycpu
		{C2BE923D-8348-48C0-9710-EC2F3B0F00BA}.Debug|anycpu.Build.0 = Debug|anycpu
		{C2BE923D-8348-48C0-9710-EC2F3B0F00BA}.Release|anycpu.ActiveCfg = Release|anycpu
		{C2BE923D-8348-48C0-9710-EC2F3B0F00BA}.Release|anycpu.Build.0 = Release|anycpu
	EndGlobalSection
EndGlobal
