
Microsoft Visual Studio Solution File, Format Version 12.00
# Visual Studio 15
Project("{FAE04EC0-301F-11D3-BF4B-00C04F79EFBC}") = "Lab7", "Lab7\Lab7.csproj", "{14F29E43-C3DE-4CD0-B9C8-9133B77002AA}"
EndProject
Global
	GlobalSection(SolutionConfigurationPlatforms) = preSolution
		Debug|anycpu = Debug|anycpu
		Release|anycpu = Release|anycpu
	EndGlobalSection
	GlobalSection(ProjectConfigurationPlatforms) = postSolution
		{14F29E43-C3DE-4CD0-B9C8-9133B77002AA}.Debug|anycpu.ActiveCfg = Debug|anycpu
		{14F29E43-C3DE-4CD0-B9C8-9133B77002AA}.Debug|anycpu.Build.0 = Debug|anycpu
		{14F29E43-C3DE-4CD0-B9C8-9133B77002AA}.Release|anycpu.ActiveCfg = Release|anycpu
		{14F29E43-C3DE-4CD0-B9C8-9133B77002AA}.Release|anycpu.Build.0 = Release|anycpu
	EndGlobalSection
EndGlobal
